
Microsoft Visual Studio Solution File, Format Version 11.00
# Visual Studio 2010
Project("{8BC9CEB8-8B4A-11D0-8D11-00A0C91BC942}") = "three-in-a-row", "three-in-a-row.vcxproj", "{150551EF-F400-4542-9532-67D9C32B9436}"
EndProject
Global
	GlobalSection(SolutionConfigurationPlatforms) = preSolution
		Debug|Win32 = Debug|Win32
		Release|Win32 = Release|Win32
	EndGlobalSection
	GlobalSection(ProjectConfigurationPlatforms) = postSolution
		{150551EF-F400-4542-9532-67D9C32B9436}.Debug|Win32.ActiveCfg = Debug|Win32
		{150551EF-F400-4542-9532-67D9C32B9436}.Debug|Win32.Build.0 = Debug|Win32
		{150551EF-F400-4542-9532-67D9C32B9436}.Release|Win32.ActiveCfg = Release|Win32
		{150551EF-F400-4542-9532-67D9C32B9436}.Release|Win32.Build.0 = Release|Win32
	EndGlobalSection
	GlobalSection(SolutionProperties) = preSolution
		HideSolutionNode = FALSE
	EndGlobalSection
EndGlobal
